
Microsoft Visual Studio Solution File, Format Version 12.00
# Visual Studio Version 17
VisualStudioVersion = 17.2.32526.322
MinimumVisualStudioVersion = 10.0.40219.1
Project("{FAE04EC0-301F-11D3-BF4B-00C04F79EFBC}") = "Copy-Paster", "Copy-Paster\Copy-Paster.csproj", "{3298BBD9-9341-4618-A29D-66AD0432463F}"
EndProject
Global
	GlobalSection(SolutionConfigurationPlatforms) = preSolution
		Debug|Any CPU = Debug|Any CPU
		Release|Any CPU = Release|Any CPU
	EndGlobalSection
	GlobalSection(ProjectConfigurationPlatforms) = postSolution
		{3298BBD9-9341-4618-A29D-66AD0432463F}.Debug|Any CPU.ActiveCfg = Debug|Any CPU
		{3298BBD9-9341-4618-A29D-66AD0432463F}.Debug|Any CPU.Build.0 = Debug|Any CPU
		{3298BBD9-9341-4618-A29D-66AD0432463F}.Release|Any CPU.ActiveCfg = Release|Any CPU
		{3298BBD9-9341-4618-A29D-66AD0432463F}.Release|Any CPU.Build.0 = Release|Any CPU
	EndGlobalSection
	GlobalSection(SolutionProperties) = preSolution
		HideSolutionNode = FALSE
	EndGlobalSection
	GlobalSection(ExtensibilityGlobals) = postSolution
		SolutionGuid = {AE2E6845-281B-40DC-AAF6-F914D64095F4}
	EndGlobalSection
EndGlobal
